
Microsoft Visual Studio Solution File, Format Version 12.00
# Visual Studio Version 17
VisualStudioVersion = 17.1.32319.34
MinimumVisualStudioVersion = 10.0.40219.1
Project("{FAE04EC0-301F-11D3-BF4B-00C04F79EFBC}") = "Ex04", "Ex04\Ex04.csproj", "{82F04F53-F8B2-4CC5-8DA6-D1650E6F273F}"
EndProject
Global
	GlobalSection(SolutionConfigurationPlatforms) = preSolution
		Debug|Any CPU = Debug|Any CPU
		Release|Any CPU = Release|Any CPU
	EndGlobalSection
	GlobalSection(ProjectConfigurationPlatforms) = postSolution
		{82F04F53-F8B2-4CC5-8DA6-D1650E6F273F}.Debug|Any CPU.ActiveCfg = Debug|Any CPU
		{82F04F53-F8B2-4CC5-8DA6-D1650E6F273F}.Debug|Any CPU.Build.0 = Debug|Any CPU
		{82F04F53-F8B2-4CC5-8DA6-D1650E6F273F}.Release|Any CPU.ActiveCfg = Release|Any CPU
		{82F04F53-F8B2-4CC5-8DA6-D1650E6F273F}.Release|Any CPU.Build.0 = Release|Any CPU
	EndGlobalSection
	GlobalSection(SolutionProperties) = preSolution
		HideSolutionNode = FALSE
	EndGlobalSection
	GlobalSection(ExtensibilityGlobals) = postSolution
		SolutionGuid = {BF025768-CEBE-4300-84F3-FB3C02AE1801}
	EndGlobalSection
EndGlobal
