
Microsoft Visual Studio Solution File, Format Version 12.00
# Visual Studio Version 17
VisualStudioVersion = 17.1.32319.34
MinimumVisualStudioVersion = 10.0.40219.1
Project("{FAE04EC0-301F-11D3-BF4B-00C04F79EFBC}") = "Logica_01", "Logica_01\Logica_01.csproj", "{0E19093B-2294-4F66-BEBF-1F5EC962B3F5}"
EndProject
Global
	GlobalSection(SolutionConfigurationPlatforms) = preSolution
		Debug|Any CPU = Debug|Any CPU
		Release|Any CPU = Release|Any CPU
	EndGlobalSection
	GlobalSection(ProjectConfigurationPlatforms) = postSolution
		{0E19093B-2294-4F66-BEBF-1F5EC962B3F5}.Debug|Any CPU.ActiveCfg = Debug|Any CPU
		{0E19093B-2294-4F66-BEBF-1F5EC962B3F5}.Debug|Any CPU.Build.0 = Debug|Any CPU
		{0E19093B-2294-4F66-BEBF-1F5EC962B3F5}.Release|Any CPU.ActiveCfg = Release|Any CPU
		{0E19093B-2294-4F66-BEBF-1F5EC962B3F5}.Release|Any CPU.Build.0 = Release|Any CPU
	EndGlobalSection
	GlobalSection(SolutionProperties) = preSolution
		HideSolutionNode = FALSE
	EndGlobalSection
	GlobalSection(ExtensibilityGlobals) = postSolution
		SolutionGuid = {C247A9CA-6D20-488B-9CC8-CF9D81F3A9D4}
	EndGlobalSection
EndGlobal
