
Microsoft Visual Studio Solution File, Format Version 12.00
# Visual Studio Version 17
VisualStudioVersion = 17.1.32319.34
MinimumVisualStudioVersion = 10.0.40219.1
Project("{FAE04EC0-301F-11D3-BF4B-00C04F79EFBC}") = "Exercicio02", "Exercicio02\Exercicio02.csproj", "{426BA174-F12E-4E45-BB55-AFBDFB51F2A3}"
EndProject
Global
	GlobalSection(SolutionConfigurationPlatforms) = preSolution
		Debug|Any CPU = Debug|Any CPU
		Release|Any CPU = Release|Any CPU
	EndGlobalSection
	GlobalSection(ProjectConfigurationPlatforms) = postSolution
		{426BA174-F12E-4E45-BB55-AFBDFB51F2A3}.Debug|Any CPU.ActiveCfg = Debug|Any CPU
		{426BA174-F12E-4E45-BB55-AFBDFB51F2A3}.Debug|Any CPU.Build.0 = Debug|Any CPU
		{426BA174-F12E-4E45-BB55-AFBDFB51F2A3}.Release|Any CPU.ActiveCfg = Release|Any CPU
		{426BA174-F12E-4E45-BB55-AFBDFB51F2A3}.Release|Any CPU.Build.0 = Release|Any CPU
	EndGlobalSection
	GlobalSection(SolutionProperties) = preSolution
		HideSolutionNode = FALSE
	EndGlobalSection
	GlobalSection(ExtensibilityGlobals) = postSolution
		SolutionGuid = {6C94AF57-51F0-43B4-8878-ADBAF5BCF9AD}
	EndGlobalSection
EndGlobal
